
Microsoft Visual Studio Solution File, Format Version 12.00
# Visual Studio Version 17
VisualStudioVersion = 17.2.32616.157
MinimumVisualStudioVersion = 10.0.40219.1
Project("{8BC9CEB8-8B4A-11D0-8D11-00A0C91BC942}") = "1两数之和", "leetcode\leetcode.vcxproj", "{016C44D8-80B9-46A3-A198-27B8EAF7830B}"
EndProject
Project("{8BC9CEB8-8B4A-11D0-8D11-00A0C91BC942}") = "2两数相加", "2两数相加\2两数相加.vcxproj", "{D84C5E89-71D1-4589-B09E-E386FEB110DE}"
EndProject
Global
	GlobalSection(SolutionConfigurationPlatforms) = preSolution
		Debug|x64 = Debug|x64
		Debug|x86 = Debug|x86
		Release|x64 = Release|x64
		Release|x86 = Release|x86
	EndGlobalSection
	GlobalSection(ProjectConfigurationPlatforms) = postSolution
		{016C44D8-80B9-46A3-A198-27B8EAF7830B}.Debug|x64.ActiveCfg = Debug|x64
		{016C44D8-80B9-46A3-A198-27B8EAF7830B}.Debug|x64.Build.0 = Debug|x64
		{016C44D8-80B9-46A3-A198-27B8EAF7830B}.Debug|x86.ActiveCfg = Debug|Win32
		{016C44D8-80B9-46A3-A198-27B8EAF7830B}.Debug|x86.Build.0 = Debug|Win32
		{016C44D8-80B9-46A3-A198-27B8EAF7830B}.Release|x64.ActiveCfg = Release|x64
		{016C44D8-80B9-46A3-A198-27B8EAF7830B}.Release|x64.Build.0 = Release|x64
		{016C44D8-80B9-46A3-A198-27B8EAF7830B}.Release|x86.ActiveCfg = Release|Win32
		{016C44D8-80B9-46A3-A198-27B8EAF7830B}.Release|x86.Build.0 = Release|Win32
		{D84C5E89-71D1-4589-B09E-E386FEB110DE}.Debug|x64.ActiveCfg = Debug|x64
		{D84C5E89-71D1-4589-B09E-E386FEB110DE}.Debug|x64.Build.0 = Debug|x64
		{D84C5E89-71D1-4589-B09E-E386FEB110DE}.Debug|x86.ActiveCfg = Debug|Win32
		{D84C5E89-71D1-4589-B09E-E386FEB110DE}.Debug|x86.Build.0 = Debug|Win32
		{D84C5E89-71D1-4589-B09E-E386FEB110DE}.Release|x64.ActiveCfg = Release|x64
		{D84C5E89-71D1-4589-B09E-E386FEB110DE}.Release|x64.Build.0 = Release|x64
		{D84C5E89-71D1-4589-B09E-E386FEB110DE}.Release|x86.ActiveCfg = Release|Win32
		{D84C5E89-71D1-4589-B09E-E386FEB110DE}.Release|x86.Build.0 = Release|Win32
	EndGlobalSection
	GlobalSection(SolutionProperties) = preSolution
		HideSolutionNode = FALSE
	EndGlobalSection
	GlobalSection(ExtensibilityGlobals) = postSolution
		SolutionGuid = {004129FF-AAD2-4C79-ABE1-90AD117C3C6D}
	EndGlobalSection
EndGlobal
